// !$*UTF8*$!
{
	archiveVersion = 1;
	classes = {
	};
	objectVersion = 51;
	objects = {

/* Begin PBXBuildFile section */
		7052B6549ED4263E5417FFA5 /* Pods_InstagramClone.framework in Frameworks */ = {isa = PBXBuildFile; fileRef = CA363EAA04A444B37A998BCC /* Pods_InstagramClone.framework */; };
		FA153AB427FB65820072A189 /* FeedCell.swift in Sources */ = {isa = PBXBuildFile; fileRef = FA153AB327FB65820072A189 /* FeedCell.swift */; };
		FA3545CB27F7138E00E0DDBD /* FeedViewController.swift in Sources */ = {isa = PBXBuildFile; fileRef = FA3545CA27F7138E00E0DDBD /* FeedViewController.swift */; };
		FA3545CD27F713A000E0DDBD /* UploadViewController.swift in Sources */ = {isa = PBXBuildFile; fileRef = FA3545CC27F713A000E0DDBD /* UploadViewController.swift */; };
		FA3545CF27F713AE00E0DDBD /* SettingsViewController.swift in Sources */ = {isa = PBXBuildFile; fileRef = FA3545CE27F713AE00E0DDBD /* SettingsViewController.swift */; };
		FA50BC7927F7017E00CC0522 /* AppDelegate.swift in Sources */ = {isa = PBXBuildFile; fileRef = FA50BC7827F7017E00CC0522 /* AppDelegate.swift */; };
		FA50BC7B27F7017E00CC0522 /* SceneDelegate.swift in Sources */ = {isa = PBXBuildFile; fileRef = FA50BC7A27F7017E00CC0522 /* SceneDelegate.swift */; };
		FA50BC7D27F7017E00CC0522 /* ViewController.swift in Sources */ = {isa = PBXBuildFile; fileRef = FA50BC7C27F7017E00CC0522 /* ViewController.swift */; };
		FA50BC8027F7017E00CC0522 /* Main.storyboard in Resources */ = {isa = PBXBuildFile; fileRef = FA50BC7E27F7017E00CC0522 /* Main.storyboard */; };
		FA50BC8227F7018100CC0522 /* Assets.xcassets in Resources */ = {isa = PBXBuildFile; fileRef = FA50BC8127F7018100CC0522 /* Assets.xcassets */; };
		FA50BC8527F7018100CC0522 /* LaunchScreen.storyboard in Resources */ = {isa = PBXBuildFile; fileRef = FA50BC8327F7018100CC0522 /* LaunchScreen.storyboard */; };
		FA50BC8D27F7047A00CC0522 /* GoogleService-Info.plist in Resources */ = {isa = PBXBuildFile; fileRef = FA50BC8C27F7047A00CC0522 /* GoogleService-Info.plist */; };
/* End PBXBuildFile section */

/* Begin PBXFileReference section */
		18448A6A504AE45C9561CC19 /* Pods-InstagramClone.release.xcconfig */ = {isa = PBXFileReference; includeInIndex = 1; lastKnownFileType = text.xcconfig; name = "Pods-InstagramClone.release.xcconfig"; path = "Target Support Files/Pods-InstagramClone/Pods-InstagramClone.release.xcconfig"; sourceTree = "<group>"; };
		9C1933BA52B80E0163D6AA4B /* Pods-InstagramClone.debug.xcconfig */ = {isa = PBXFileReference; includeInIndex = 1; lastKnownFileType = text.xcconfig; name = "Pods-InstagramClone.debug.xcconfig"; path = "Target Support Files/Pods-InstagramClone/Pods-InstagramClone.debug.xcconfig"; sourceTree = "<group>"; };
		CA363EAA04A444B37A998BCC /* Pods_InstagramClone.framework */ = {isa = PBXFileReference; explicitFileType = wrapper.framework; includeInIndex = 0; path = Pods_InstagramClone.framework; sourceTree = BUILT_PRODUCTS_DIR; };
		FA153AB327FB65820072A189 /* FeedCell.swift */ = {isa = PBXFileReference; lastKnownFileType = sourcecode.swift; path = FeedCell.swift; sourceTree = "<group>"; };
		FA3545CA27F7138E00E0DDBD /* FeedViewController.swift */ = {isa = PBXFileReference; lastKnownFileType = sourcecode.swift; path = FeedViewController.swift; sourceTree = "<group>"; };
		FA3545CC27F713A000E0DDBD /* UploadViewController.swift */ = {isa = PBXFileReference; lastKnownFileType = sourcecode.swift; path = UploadViewController.swift; sourceTree = "<group>"; };
		FA3545CE27F713AE00E0DDBD /* SettingsViewController.swift */ = {isa = PBXFileReference; lastKnownFileType = sourcecode.swift; path = SettingsViewController.swift; sourceTree = "<group>"; };
		FA50BC7527F7017E00CC0522 /* InstagramClone.app */ = {isa = PBXFileReference; explicitFileType = wrapper.application; includeInIndex = 0; path = InstagramClone.app; sourceTree = BUILT_PRODUCTS_DIR; };
		FA50BC7827F7017E00CC0522 /* AppDelegate.swift */ = {isa = PBXFileReference; lastKnownFileType = sourcecode.swift; path = AppDelegate.swift; sourceTree = "<group>"; };
		FA50BC7A27F7017E00CC0522 /* SceneDelegate.swift */ = {isa = PBXFileReference; lastKnownFileType = sourcecode.swift; path = SceneDelegate.swift; sourceTree = "<group>"; };
		FA50BC7C27F7017E00CC0522 /* ViewController.swift */ = {isa = PBXFileReference; lastKnownFileType = sourcecode.swift; path = ViewController.swift; sourceTree = "<group>"; };
		FA50BC7F27F7017E00CC0522 /* Base */ = {isa = PBXFileReference; lastKnownFileType = file.storyboard; name = Base; path = Base.lproj/Main.storyboard; sourceTree = "<group>"; };
		FA50BC8127F7018100CC0522 /* Assets.xcassets */ = {isa = PBXFileReference; lastKnownFileType = folder.assetcatalog; path = Assets.xcassets; sourceTree = "<group>"; };
		FA50BC8427F7018100CC0522 /* Base */ = {isa = PBXFileReference; lastKnownFileType = file.storyboard; name = Base; path = Base.lproj/LaunchScreen.storyboard; sourceTree = "<group>"; };
		FA50BC8627F7018100CC0522 /* Info.plist */ = {isa = PBXFileReference; lastKnownFileType = text.plist.xml; path = Info.plist; sourceTree = "<group>"; };
		FA50BC8C27F7047A00CC0522 /* GoogleService-Info.plist */ = {isa = PBXFileReference; fileEncoding = 4; lastKnownFileType = text.plist.xml; path = "GoogleService-Info.plist"; sourceTree = "<group>"; };
/* End PBXFileReference section */

/* Begin PBXFrameworksBuildPhase section */
		FA50BC7227F7017E00CC0522 /* Frameworks */ = {
			isa = PBXFrameworksBuildPhase;
			buildActionMask = 2147483647;
			files = (
				7052B6549ED4263E5417FFA5 /* Pods_InstagramClone.framework in Frameworks */,
			);
			runOnlyForDeploymentPostprocessing = 0;
		};
/* End PBXFrameworksBuildPhase section */

/* Begin PBXGroup section */
		0DD1F3E07502A8E252A08A0E /* Pods */ = {
			isa = PBXGroup;
			children = (
				9C1933BA52B80E0163D6AA4B /* Pods-InstagramClone.debug.xcconfig */,
				18448A6A504AE45C9561CC19 /* Pods-InstagramClone.release.xcconfig */,
			);
			path = Pods;
			sourceTree = "<group>";
		};
		59B3398AA16A82E2163FFA0C /* Frameworks */ = {
			isa = PBXGroup;
			children = (
				CA363EAA04A444B37A998BCC /* Pods_InstagramClone.framework */,
			);
			name = Frameworks;
			sourceTree = "<group>";
		};
		FA50BC6C27F7017E00CC0522 = {
			isa = PBXGroup;
			children = (
				FA50BC7727F7017E00CC0522 /* InstagramClone */,
				FA50BC7627F7017E00CC0522 /* Products */,
				0DD1F3E07502A8E252A08A0E /* Pods */,
				59B3398AA16A82E2163FFA0C /* Frameworks */,
			);
			sourceTree = "<group>";
		};
		FA50BC7627F7017E00CC0522 /* Products */ = {
			isa = PBXGroup;
			children = (
				FA50BC7527F7017E00CC0522 /* InstagramClone.app */,
			);
			name = Products;
			sourceTree = "<group>";
		};
		FA50BC7727F7017E00CC0522 /* InstagramClone */ = {
			isa = PBXGroup;
			children = (
				FA50BC7827F7017E00CC0522 /* AppDelegate.swift */,
				FA50BC7A27F7017E00CC0522 /* SceneDelegate.swift */,
				FA50BC7C27F7017E00CC0522 /* ViewController.swift */,
				FA3545CA27F7138E00E0DDBD /* FeedViewController.swift */,
				FA3545CC27F713A000E0DDBD /* UploadViewController.swift */,
				FA3545CE27F713AE00E0DDBD /* SettingsViewController.swift */,
				FA50BC7E27F7017E00CC0522 /* Main.storyboard */,
				FA153AB327FB65820072A189 /* FeedCell.swift */,
				FA50BC8127F7018100CC0522 /* Assets.xcassets */,
				FA50BC8327F7018100CC0522 /* LaunchScreen.storyboard */,
				FA50BC8627F7018100CC0522 /* Info.plist */,
				FA50BC8C27F7047A00CC0522 /* GoogleService-Info.plist */,
			);
			path = InstagramClone;
			sourceTree = "<group>";
		};
/* End PBXGroup section */

/* Begin PBXNativeTarget section */
		FA50BC7427F7017E00CC0522 /* InstagramClone */ = {
			isa = PBXNativeTarget;
			buildConfigurationList = FA50BC8927F7018100CC0522 /* Build configuration list for PBXNativeTarget "InstagramClone" */;
			buildPhases = (
				B1C2EBAE2BD7D784EBF9B89D /* [CP] Check Pods Manifest.lock */,
				FA50BC7127F7017E00CC0522 /* Sources */,
				FA50BC7227F7017E00CC0522 /* Frameworks */,
				FA50BC7327F7017E00CC0522 /* Resources */,
				2B4C2AEF742B89D179F04FA2 /* [CP] Embed Pods Frameworks */,
			);
			buildRules = (
			);
			dependencies = (
			);
			name = InstagramClone;
			productName = InstagramClone;
			productReference = FA50BC7527F7017E00CC0522 /* InstagramClone.app */;
			productType = "com.apple.product-type.application";
		};
/* End PBXNativeTarget section */

/* Begin PBXProject section */
		FA50BC6D27F7017E00CC0522 /* Project object */ = {
			isa = PBXProject;
			attributes = {
				LastSwiftUpdateCheck = 1250;
				LastUpgradeCheck = 1250;
				TargetAttributes = {
					FA50BC7427F7017E00CC0522 = {
						CreatedOnToolsVersion = 12.5.1;
					};
				};
			};
			buildConfigurationList = FA50BC7027F7017E00CC0522 /* Build configuration list for PBXProject "InstagramClone" */;
			compatibilityVersion = "Xcode 9.3";
			developmentRegion = en;
			hasScannedForEncodings = 0;
			knownRegions = (
				en,
				Base,
			);
			mainGroup = FA50BC6C27F7017E00CC0522;
			productRefGroup = FA50BC7627F7017E00CC0522 /* Products */;
			projectDirPath = "";
			projectRoot = "";
			targets = (
				FA50BC7427F7017E00CC0522 /* InstagramClone */,
			);
		};
/* End PBXProject section */

/* Begin PBXResourcesBuildPhase section */
		FA50BC7327F7017E00CC0522 /* Resources */ = {
			isa = PBXResourcesBuildPhase;
			buildActionMask = 2147483647;
			files = (
				FA50BC8527F7018100CC0522 /* LaunchScreen.storyboard in Resources */,
				FA50BC8D27F7047A00CC0522 /* GoogleService-Info.plist in Resources */,
				FA50BC8227F7018100CC0522 /* Assets.xcassets in Resources */,
				FA50BC8027F7017E00CC0522 /* Main.storyboard in Resources */,
			);
			runOnlyForDeploymentPostprocessing = 0;
		};
/* End PBXResourcesBuildPhase section */

/* Begin PBXShellScriptBuildPhase section */
		2B4C2AEF742B89D179F04FA2 /* [CP] Embed Pods Frameworks */ = {
			isa = PBXShellScriptBuildPhase;
			buildActionMask = 2147483647;
			files = (
			);
			inputFileListPaths = (
				"${PODS_ROOT}/Target Support Files/Pods-InstagramClone/Pods-InstagramClone-frameworks-${CONFIGURATION}-input-files.xcfilelist",
			);
			name = "[CP] Embed Pods Frameworks";
			outputFileListPaths = (
				"${PODS_ROOT}/Target Support Files/Pods-InstagramClone/Pods-InstagramClone-frameworks-${CONFIGURATION}-output-files.xcfilelist",
			);
			runOnlyForDeploymentPostprocessing = 0;
			shellPath = /bin/sh;
			shellScript = "\"${PODS_ROOT}/Target Support Files/Pods-InstagramClone/Pods-InstagramClone-frameworks.sh\"\n";
			showEnvVarsInLog = 0;
		};
		B1C2EBAE2BD7D784EBF9B89D /* [CP] Check Pods Manifest.lock */ = {
			isa = PBXShellScriptBuildPhase;
			buildActionMask = 2147483647;
			files = (
			);
			inputFileListPaths = (
			);
			inputPaths = (
				"${PODS_PODFILE_DIR_PATH}/Podfile.lock",
				"${PODS_ROOT}/Manifest.lock",
			);
			name = "[CP] Check Pods Manifest.lock";
			outputFileListPaths = (
			);
			outputPaths = (
				"$(DERIVED_FILE_DIR)/Pods-InstagramClone-checkManifestLockResult.txt",
			);
			runOnlyForDeploymentPostprocessing = 0;
			shellPath = /bin/sh;
			shellScript = "diff \"${PODS_PODFILE_DIR_PATH}/Podfile.lock\" \"${PODS_ROOT}/Manifest.lock\" > /dev/null\nif [ $? != 0 ] ; then\n    # print error to STDERR\n    echo \"error: The sandbox is not in sync with the Podfile.lock. Run 'pod install' or update your CocoaPods installation.\" >&2\n    exit 1\nfi\n# This output is used by Xcode 'outputs' to avoid re-running this script phase.\necho \"SUCCESS\" > \"${SCRIPT_OUTPUT_FILE_0}\"\n";
			showEnvVarsInLog = 0;
		};
/* End PBXShellScriptBuildPhase section */

/* Begin PBXSourcesBuildPhase section */
		FA50BC7127F7017E00CC0522 /* Sources */ = {
			isa = PBXSourcesBuildPhase;
			buildActionMask = 2147483647;
			files = (
				FA153AB427FB65820072A189 /* FeedCell.swift in Sources */,
				FA50BC7D27F7017E00CC0522 /* ViewController.swift in Sources */,
				FA3545CD27F713A000E0DDBD /* UploadViewController.swift in Sources */,
				FA50BC7927F7017E00CC0522 /* AppDelegate.swift in Sources */,
				FA3545CB27F7138E00E0DDBD /* FeedViewController.swift in Sources */,
				FA50BC7B27F7017E00CC0522 /* SceneDelegate.swift in Sources */,
				FA3545CF27F713AE00E0DDBD /* SettingsViewController.swift in Sources */,
			);
			runOnlyForDeploymentPostprocessing = 0;
		};
/* End PBXSourcesBuildPhase section */

/* Begin PBXVariantGroup section */
		FA50BC7E27F7017E00CC0522 /* Main.storyboard */ = {
			isa = PBXVariantGroup;
			children = (
				FA50BC7F27F7017E00CC0522 /* Base */,
			);
			name = Main.storyboard;
			sourceTree = "<group>";
		};
		FA50BC8327F7018100CC0522 /* LaunchScreen.storyboard */ = {
			isa = PBXVariantGroup;
			children = (
				FA50BC8427F7018100CC0522 /* Base */,
			);
			name = LaunchScreen.storyboard;
			sourceTree = "<group>";
		};
/* End PBXVariantGroup section */

/* Begin XCBuildConfiguration section */
		FA50BC8727F7018100CC0522 /* Debug */ = {
			isa = XCBuildConfiguration;
			buildSettings = {
				ALWAYS_SEARCH_USER_PATHS = NO;
				CLANG_ANALYZER_NONNULL = YES;
				CLANG_ANALYZER_NUMBER_OBJECT_CONVERSION = YES_AGGRESSIVE;
				CLANG_CXX_LANGUAGE_STANDARD = "gnu++14";
				CLANG_CXX_LIBRARY = "libc++";
				CLANG_ENABLE_MODULES = YES;
				CLANG_ENABLE_OBJC_ARC = YES;
				CLANG_ENABLE_OBJC_WEAK = YES;
				CLANG_WARN_BLOCK_CAPTURE_AUTORELEASING = YES;
				CLANG_WARN_BOOL_CONVERSION = YES;
				CLANG_WARN_COMMA = YES;
				CLANG_WARN_CONSTANT_CONVERSION = YES;
				CLANG_WARN_DEPRECATED_OBJC_IMPLEMENTATIONS = YES;
				CLANG_WARN_DIRECT_OBJC_ISA_USAGE = YES_ERROR;
				CLANG_WARN_DOCUMENTATION_COMMENTS = YES;
				CLANG_WARN_EMPTY_BODY = YES;
				CLANG_WARN_ENUM_CONVERSION = YES;
				CLANG_WARN_INFINITE_RECURSION = YES;
				CLANG_WARN_INT_CONVERSION = YES;
				CLANG_WARN_NON_LITERAL_NULL_CONVERSION = YES;
				CLANG_WARN_OBJC_IMPLICIT_RETAIN_SELF = YES;
				CLANG_WARN_OBJC_LITERAL_CONVERSION = YES;
				CLANG_WARN_OBJC_ROOT_CLASS = YES_ERROR;
				CLANG_WARN_QUOTED_INCLUDE_IN_FRAMEWORK_HEADER = YES;
				CLANG_WARN_RANGE_LOOP_ANALYSIS = YES;
				CLANG_WARN_STRICT_PROTOTYPES = YES;
				CLANG_WARN_SUSPICIOUS_MOVE = YES;
				CLANG_WARN_UNGUARDED_AVAILABILITY = YES_AGGRESSIVE;
				CLANG_WARN_UNREACHABLE_CODE = YES;
				CLANG_WARN__DUPLICATE_METHOD_MATCH = YES;
				COPY_PHASE_STRIP = NO;
				DEBUG_INFORMATION_FORMAT = dwarf;
				ENABLE_STRICT_OBJC_MSGSEND = YES;
				ENABLE_TESTABILITY = YES;
				GCC_C_LANGUAGE_STANDARD = gnu11;
				GCC_DYNAMIC_NO_PIC = NO;
				GCC_NO_COMMON_BLOCKS = YES;
				GCC_OPTIMIZATION_LEVEL = 0;
				GCC_PREPROCESSOR_DEFINITIONS = (
					"DEBUG=1",
					"$(inherited)",
				);
				GCC_WARN_64_TO_32_BIT_CONVERSION = YES;
				GCC_WARN_ABOUT_RETURN_TYPE = YES_ERROR;
				GCC_WARN_UNDECLARED_SELECTOR = YES;
				GCC_WARN_UNINITIALIZED_AUTOS = YES_AGGRESSIVE;
				GCC_WARN_UNUSED_FUNCTION = YES;
				GCC_WARN_UNUSED_VARIABLE = YES;
				IPHONEOS_DEPLOYMENT_TARGET = 14.5;
				MTL_ENABLE_DEBUG_INFO = INCLUDE_SOURCE;
				MTL_FAST_MATH = YES;
				ONLY_ACTIVE_ARCH = YES;
				SDKROOT = iphoneos;
				SWIFT_ACTIVE_COMPILATION_CONDITIONS = DEBUG;
				SWIFT_OPTIMIZATION_LEVEL = "-Onone";
			};
			name = Debug;
		};
		FA50BC8827F7018100CC0522 /* Release */ = {
			isa = XCBuildConfiguration;
			buildSettings = {
				ALWAYS_SEARCH_USER_PATHS = NO;
				CLANG_ANALYZER_NONNULL = YES;
				CLANG_ANALYZER_NUMBER_OBJECT_CONVERSION = YES_AGGRESSIVE;
				CLANG_CXX_LANGUAGE_STANDARD = "gnu++14";
				CLANG_CXX_LIBRARY = "libc++";
				CLANG_ENABLE_MODULES = YES;
				CLANG_ENABLE_OBJC_ARC = YES;
				CLANG_ENABLE_OBJC_WEAK = YES;
				CLANG_WARN_BLOCK_CAPTURE_AUTORELEASING = YES;
				CLANG_WARN_BOOL_CONVERSION = YES;
				CLANG_WARN_COMMA = YES;
				CLANG_WARN_CONSTANT_CONVERSION = YES;
				CLANG_WARN_DEPRECATED_OBJC_IMPLEMENTATIONS = YES;
				CLANG_WARN_DIRECT_OBJC_ISA_USAGE = YES_ERROR;
				CLANG_WARN_DOCUMENTATION_COMMENTS = YES;
				CLANG_WARN_EMPTY_BODY = YES;
				CLANG_WARN_ENUM_CONVERSION = YES;
				CLANG_WARN_INFINITE_RECURSION = YES;
				CLANG_WARN_INT_CONVERSION = YES;
				CLANG_WARN_NON_LITERAL_NULL_CONVERSION = YES;
				CLANG_WARN_OBJC_IMPLICIT_RETAIN_SELF = YES;
				CLANG_WARN_OBJC_LITERAL_CONVERSION = YES;
				CLANG_WARN_OBJC_ROOT_CLASS = YES_ERROR;
				CLANG_WARN_QUOTED_INCLUDE_IN_FRAMEWORK_HEADER = YES;
				CLANG_WARN_RANGE_LOOP_ANALYSIS = YES;
				CLANG_WARN_STRICT_PROTOTYPES = YES;
				CLANG_WARN_SUSPICIOUS_MOVE = YES;
				CLANG_WARN_UNGUARDED_AVAILABILITY = YES_AGGRESSIVE;
				CLANG_WARN_UNREACHABLE_CODE = YES;
				CLANG_WARN__DUPLICATE_METHOD_MATCH = YES;
				COPY_PHASE_STRIP = NO;
				DEBUG_INFORMATION_FORMAT = "dwarf-with-dsym";
				ENABLE_NS_ASSERTIONS = NO;
				ENABLE_STRICT_OBJC_MSGSEND = YES;
				GCC_C_LANGUAGE_STANDARD = gnu11;
				GCC_NO_COMMON_BLOCKS = YES;
				GCC_WARN_64_TO_32_BIT_CONVERSION = YES;
				GCC_WARN_ABOUT_RETURN_TYPE = YES_ERROR;
				GCC_WARN_UNDECLARED_SELECTOR = YES;
				GCC_WARN_UNINITIALIZED_AUTOS = YES_AGGRESSIVE;
				GCC_WARN_UNUSED_FUNCTION = YES;
				GCC_WARN_UNUSED_VARIABLE = YES;
				IPHONEOS_DEPLOYMENT_TARGET = 14.5;
				MTL_ENABLE_DEBUG_INFO = NO;
				MTL_FAST_MATH = YES;
				SDKROOT = iphoneos;
				SWIFT_COMPILATION_MODE = wholemodule;
				SWIFT_OPTIMIZATION_LEVEL = "-O";
				VALIDATE_PRODUCT = YES;
			};
			name = Release;
		};
		FA50BC8A27F7018100CC0522 /* Debug */ = {
			isa = XCBuildConfiguration;
			baseConfigurationReference = 9C1933BA52B80E0163D6AA4B /* Pods-InstagramClone.debug.xcconfig */;
			buildSettings = {
				ASSETCATALOG_COMPILER_APPICON_NAME = AppIcon;
				ASSETCATALOG_COMPILER_GLOBAL_ACCENT_COLOR_NAME = AccentColor;
				CODE_SIGN_STYLE = Automatic;
				INFOPLIST_FILE = InstagramClone/Info.plist;
				LD_RUNPATH_SEARCH_PATHS = (
					"$(inherited)",
					"@executable_path/Frameworks",
				);
				PRODUCT_BUNDLE_IDENTIFIER = com.nyit.InstagramClone;
				PRODUCT_NAME = "$(TARGET_NAME)";
				SWIFT_VERSION = 5.0;
				TARGETED_DEVICE_FAMILY = "1,2";
			};
			name = Debug;
		};
		FA50BC8B27F7018100CC0522 /* Release */ = {
			isa = XCBuildConfiguration;
			baseConfigurationReference = 18448A6A504AE45C9561CC19 /* Pods-InstagramClone.release.xcconfig */;
			buildSettings = {
				ASSETCATALOG_COMPILER_APPICON_NAME = AppIcon;
				ASSETCATALOG_COMPILER_GLOBAL_ACCENT_COLOR_NAME = AccentColor;
				CODE_SIGN_STYLE = Automatic;
				INFOPLIST_FILE = InstagramClone/Info.plist;
				LD_RUNPATH_SEARCH_PATHS = (
					"$(inherited)",
					"@executable_path/Frameworks",
				);
				PRODUCT_BUNDLE_IDENTIFIER = com.nyit.InstagramClone;
				PRODUCT_NAME = "$(TARGET_NAME)";
				SWIFT_VERSION = 5.0;
				TARGETED_DEVICE_FAMILY = "1,2";
			};
			name = Release;
		};
/* End XCBuildConfiguration section */

/* Begin XCConfigurationList section */
		FA50BC7027F7017E00CC0522 /* Build configuration list for PBXProject "InstagramClone" */ = {
			isa = XCConfigurationList;
			buildConfigurations = (
				FA50BC8727F7018100CC0522 /* Debug */,
				FA50BC8827F7018100CC0522 /* Release */,
			);
			defaultConfigurationIsVisible = 0;
			defaultConfigurationName = Release;
		};
		FA50BC8927F7018100CC0522 /* Build configuration list for PBXNativeTarget "InstagramClone" */ = {
			isa = XCConfigurationList;
			buildConfigurations = (
				FA50BC8A27F7018100CC0522 /* Debug */,
				FA50BC8B27F7018100CC0522 /* Release */,
			);
			defaultConfigurationIsVisible = 0;
			defaultConfigurationName = Release;
		};
/* End XCConfigurationList section */
	};
	rootObject = FA50BC6D27F7017E00CC0522 /* Project object */;
}
